// !$*UTF8*$!
{
	archiveVersion = 1;
	classes = {
	};
	objectVersion = 56;
	objects = {

/* Begin PBXBuildFile section */
		EC5AF65B2DDC102E0050D326 /* BlogApp.swift in Sources */ = {isa = PBXBuildFile; fileRef = EC5AF65A2DDC102E0050D326 /* BlogApp.swift */; };
		EC5AF65D2DDC102E0050D326 /* ContentView.swift in Sources */ = {isa = PBXBuildFile; fileRef = EC5AF65C2DDC102E0050D326 /* ContentView.swift */; };
		EC5AF65F2DDC10310050D326 /* Assets.xcassets in Resources */ = {isa = PBXBuildFile; fileRef = EC5AF65E2DDC10310050D326 /* Assets.xcassets */; };
		EC5AF6622DDC10310050D326 /* Preview Assets.xcassets in Resources */ = {isa = PBXBuildFile; fileRef = EC5AF6612DDC10310050D326 /* Preview Assets.xcassets */; };
		EC5AF66C2DDC10310050D326 /* BlogAppTests.swift in Sources */ = {isa = PBXBuildFile; fileRef = EC5AF66B2DDC10310050D326 /* BlogAppTests.swift */; };
		EC7720152DDC24AE00013F60 /* BlogItemView.swift in Sources */ = {isa = PBXBuildFile; fileRef = EC7720142DDC24AE00013F60 /* BlogItemView.swift */; };
		EC7720172DDC24BF00013F60 /* Blog.swift in Sources */ = {isa = PBXBuildFile; fileRef = EC7720162DDC24BF00013F60 /* Blog.swift */; };
		EC77201A2DDC295800013F60 /* NewsService.swift in Sources */ = {isa = PBXBuildFile; fileRef = EC7720192DDC295800013F60 /* NewsService.swift */; };
		EC77201F2DDC2D0100013F60 /* Constants.swift in Sources */ = {isa = PBXBuildFile; fileRef = EC77201E2DDC2D0100013F60 /* Constants.swift */; };
		EC7720222DDC38C200013F60 /* BlogViewModel.swift in Sources */ = {isa = PBXBuildFile; fileRef = EC7720212DDC38C200013F60 /* BlogViewModel.swift */; };
		EC7720242DDC3F1300013F60 /* BlogItemDetailsView.swift in Sources */ = {isa = PBXBuildFile; fileRef = EC7720232DDC3F1300013F60 /* BlogItemDetailsView.swift */; };
/* End PBXBuildFile section */

/* Begin PBXContainerItemProxy section */
		EC5AF6682DDC10310050D326 /* PBXContainerItemProxy */ = {
			isa = PBXContainerItemProxy;
			containerPortal = EC5AF64F2DDC102E0050D326 /* Project object */;
			proxyType = 1;
			remoteGlobalIDString = EC5AF6562DDC102E0050D326;
			remoteInfo = BlogApp;
		};
		EC5AF6722DDC10310050D326 /* PBXContainerItemProxy */ = {
			isa = PBXContainerItemProxy;
			containerPortal = EC5AF64F2DDC102E0050D326 /* Project object */;
			proxyType = 1;
			remoteGlobalIDString = EC5AF6562DDC102E0050D326;
			remoteInfo = BlogApp;
		};
/* End PBXContainerItemProxy section */

/* Begin PBXFileReference section */
		EC5AF6572DDC102E0050D326 /* BlogApp.app */ = {isa = PBXFileReference; explicitFileType = wrapper.application; includeInIndex = 0; path = BlogApp.app; sourceTree = BUILT_PRODUCTS_DIR; };
		EC5AF65A2DDC102E0050D326 /* BlogApp.swift */ = {isa = PBXFileReference; lastKnownFileType = sourcecode.swift; path = BlogApp.swift; sourceTree = "<group>"; };
		EC5AF65C2DDC102E0050D326 /* ContentView.swift */ = {isa = PBXFileReference; lastKnownFileType = sourcecode.swift; path = ContentView.swift; sourceTree = "<group>"; };
		EC5AF65E2DDC10310050D326 /* Assets.xcassets */ = {isa = PBXFileReference; lastKnownFileType = folder.assetcatalog; path = Assets.xcassets; sourceTree = "<group>"; };
		EC5AF6612DDC10310050D326 /* Preview Assets.xcassets */ = {isa = PBXFileReference; lastKnownFileType = folder.assetcatalog; path = "Preview Assets.xcassets"; sourceTree = "<group>"; };
		EC5AF6672DDC10310050D326 /* BlogAppTests.xctest */ = {isa = PBXFileReference; explicitFileType = wrapper.cfbundle; includeInIndex = 0; path = BlogAppTests.xctest; sourceTree = BUILT_PRODUCTS_DIR; };
		EC5AF66B2DDC10310050D326 /* BlogAppTests.swift */ = {isa = PBXFileReference; lastKnownFileType = sourcecode.swift; path = BlogAppTests.swift; sourceTree = "<group>"; };
		EC5AF6712DDC10310050D326 /* BlogAppUITests.xctest */ = {isa = PBXFileReference; explicitFileType = wrapper.cfbundle; includeInIndex = 0; path = BlogAppUITests.xctest; sourceTree = BUILT_PRODUCTS_DIR; };
		EC7720142DDC24AE00013F60 /* BlogItemView.swift */ = {isa = PBXFileReference; lastKnownFileType = sourcecode.swift; path = BlogItemView.swift; sourceTree = "<group>"; };
		EC7720162DDC24BF00013F60 /* Blog.swift */ = {isa = PBXFileReference; lastKnownFileType = sourcecode.swift; path = Blog.swift; sourceTree = "<group>"; };
		EC7720192DDC295800013F60 /* NewsService.swift */ = {isa = PBXFileReference; lastKnownFileType = sourcecode.swift; path = NewsService.swift; sourceTree = "<group>"; };
		EC77201E2DDC2D0100013F60 /* Constants.swift */ = {isa = PBXFileReference; lastKnownFileType = sourcecode.swift; path = Constants.swift; sourceTree = "<group>"; };
		EC7720212DDC38C200013F60 /* BlogViewModel.swift */ = {isa = PBXFileReference; lastKnownFileType = sourcecode.swift; path = BlogViewModel.swift; sourceTree = "<group>"; };
		EC7720232DDC3F1300013F60 /* BlogItemDetailsView.swift */ = {isa = PBXFileReference; lastKnownFileType = sourcecode.swift; path = BlogItemDetailsView.swift; sourceTree = "<group>"; };
/* End PBXFileReference section */

/* Begin PBXFrameworksBuildPhase section */
		EC5AF6542DDC102E0050D326 /* Frameworks */ = {
			isa = PBXFrameworksBuildPhase;
			buildActionMask = 2147483647;
			files = (
			);
			runOnlyForDeploymentPostprocessing = 0;
		};
		EC5AF6642DDC10310050D326 /* Frameworks */ = {
			isa = PBXFrameworksBuildPhase;
			buildActionMask = 2147483647;
			files = (
			);
			runOnlyForDeploymentPostprocessing = 0;
		};
		EC5AF66E2DDC10310050D326 /* Frameworks */ = {
			isa = PBXFrameworksBuildPhase;
			buildActionMask = 2147483647;
			files = (
			);
			runOnlyForDeploymentPostprocessing = 0;
		};
/* End PBXFrameworksBuildPhase section */

/* Begin PBXGroup section */
		EC5AF64E2DDC102E0050D326 = {
			isa = PBXGroup;
			children = (
				EC5AF6592DDC102E0050D326 /* BlogApp */,
				EC5AF66A2DDC10310050D326 /* BlogAppTests */,
				EC5AF6582DDC102E0050D326 /* Products */,
			);
			sourceTree = "<group>";
		};
		EC5AF6582DDC102E0050D326 /* Products */ = {
			isa = PBXGroup;
			children = (
				EC5AF6572DDC102E0050D326 /* BlogApp.app */,
				EC5AF6672DDC10310050D326 /* BlogAppTests.xctest */,
				EC5AF6712DDC10310050D326 /* BlogAppUITests.xctest */,
			);
			name = Products;
			sourceTree = "<group>";
		};
		EC5AF6592DDC102E0050D326 /* BlogApp */ = {
			isa = PBXGroup;
			children = (
				EC7720202DDC38AE00013F60 /* ViewModel */,
				EC77201D2DDC2CF000013F60 /* Utils */,
				EC7720182DDC294200013F60 /* Service */,
				EC7720132DDC249600013F60 /* View */,
				EC7720112DDC246800013F60 /* Models */,
				EC5AF65A2DDC102E0050D326 /* BlogApp.swift */,
				EC5AF65C2DDC102E0050D326 /* ContentView.swift */,
				EC5AF65E2DDC10310050D326 /* Assets.xcassets */,
				EC5AF6602DDC10310050D326 /* Preview Content */,
			);
			path = BlogApp;
			sourceTree = "<group>";
		};
		EC5AF6602DDC10310050D326 /* Preview Content */ = {
			isa = PBXGroup;
			children = (
				EC5AF6612DDC10310050D326 /* Preview Assets.xcassets */,
			);
			path = "Preview Content";
			sourceTree = "<group>";
		};
		EC5AF66A2DDC10310050D326 /* BlogAppTests */ = {
			isa = PBXGroup;
			children = (
				EC5AF66B2DDC10310050D326 /* BlogAppTests.swift */,
			);
			path = BlogAppTests;
			sourceTree = "<group>";
		};
		EC7720112DDC246800013F60 /* Models */ = {
			isa = PBXGroup;
			children = (
				EC7720162DDC24BF00013F60 /* Blog.swift */,
			);
			path = Models;
			sourceTree = "<group>";
		};
		EC7720132DDC249600013F60 /* View */ = {
			isa = PBXGroup;
			children = (
				EC7720142DDC24AE00013F60 /* BlogItemView.swift */,
				EC7720232DDC3F1300013F60 /* BlogItemDetailsView.swift */,
			);
			path = View;
			sourceTree = "<group>";
		};
		EC7720182DDC294200013F60 /* Service */ = {
			isa = PBXGroup;
			children = (
				EC7720192DDC295800013F60 /* NewsService.swift */,
			);
			path = Service;
			sourceTree = "<group>";
		};
		EC77201D2DDC2CF000013F60 /* Utils */ = {
			isa = PBXGroup;
			children = (
				EC77201E2DDC2D0100013F60 /* Constants.swift */,
			);
			path = Utils;
			sourceTree = "<group>";
		};
		EC7720202DDC38AE00013F60 /* ViewModel */ = {
			isa = PBXGroup;
			children = (
				EC7720212DDC38C200013F60 /* BlogViewModel.swift */,
			);
			path = ViewModel;
			sourceTree = "<group>";
		};
/* End PBXGroup section */

/* Begin PBXNativeTarget section */
		EC5AF6562DDC102E0050D326 /* BlogApp */ = {
			isa = PBXNativeTarget;
			buildConfigurationList = EC5AF67B2DDC10310050D326 /* Build configuration list for PBXNativeTarget "BlogApp" */;
			buildPhases = (
				EC5AF6532DDC102E0050D326 /* Sources */,
				EC5AF6542DDC102E0050D326 /* Frameworks */,
				EC5AF6552DDC102E0050D326 /* Resources */,
			);
			buildRules = (
			);
			dependencies = (
			);
			name = BlogApp;
			productName = BlogApp;
			productReference = EC5AF6572DDC102E0050D326 /* BlogApp.app */;
			productType = "com.apple.product-type.application";
		};
		EC5AF6662DDC10310050D326 /* BlogAppTests */ = {
			isa = PBXNativeTarget;
			buildConfigurationList = EC5AF67E2DDC10310050D326 /* Build configuration list for PBXNativeTarget "BlogAppTests" */;
			buildPhases = (
				EC5AF6632DDC10310050D326 /* Sources */,
				EC5AF6642DDC10310050D326 /* Frameworks */,
				EC5AF6652DDC10310050D326 /* Resources */,
			);
			buildRules = (
			);
			dependencies = (
				EC5AF6692DDC10310050D326 /* PBXTargetDependency */,
			);
			name = BlogAppTests;
			productName = BlogAppTests;
			productReference = EC5AF6672DDC10310050D326 /* BlogAppTests.xctest */;
			productType = "com.apple.product-type.bundle.unit-test";
		};
		EC5AF6702DDC10310050D326 /* BlogAppUITests */ = {
			isa = PBXNativeTarget;
			buildConfigurationList = EC5AF6812DDC10310050D326 /* Build configuration list for PBXNativeTarget "BlogAppUITests" */;
			buildPhases = (
				EC5AF66D2DDC10310050D326 /* Sources */,
				EC5AF66E2DDC10310050D326 /* Frameworks */,
				EC5AF66F2DDC10310050D326 /* Resources */,
			);
			buildRules = (
			);
			dependencies = (
				EC5AF6732DDC10310050D326 /* PBXTargetDependency */,
			);
			name = BlogAppUITests;
			productName = BlogAppUITests;
			productReference = EC5AF6712DDC10310050D326 /* BlogAppUITests.xctest */;
			productType = "com.apple.product-type.bundle.ui-testing";
		};
/* End PBXNativeTarget section */

/* Begin PBXProject section */
		EC5AF64F2DDC102E0050D326 /* Project object */ = {
			isa = PBXProject;
			attributes = {
				BuildIndependentTargetsInParallel = 1;
				LastSwiftUpdateCheck = 1400;
				LastUpgradeCheck = 1400;
				TargetAttributes = {
					EC5AF6562DDC102E0050D326 = {
						CreatedOnToolsVersion = 14.0;
					};
					EC5AF6662DDC10310050D326 = {
						CreatedOnToolsVersion = 14.0;
						TestTargetID = EC5AF6562DDC102E0050D326;
					};
					EC5AF6702DDC10310050D326 = {
						CreatedOnToolsVersion = 14.0;
						TestTargetID = EC5AF6562DDC102E0050D326;
					};
				};
			};
			buildConfigurationList = EC5AF6522DDC102E0050D326 /* Build configuration list for PBXProject "BlogApp" */;
			compatibilityVersion = "Xcode 14.0";
			developmentRegion = en;
			hasScannedForEncodings = 0;
			knownRegions = (
				en,
				Base,
			);
			mainGroup = EC5AF64E2DDC102E0050D326;
			productRefGroup = EC5AF6582DDC102E0050D326 /* Products */;
			projectDirPath = "";
			projectRoot = "";
			targets = (
				EC5AF6562DDC102E0050D326 /* BlogApp */,
				EC5AF6662DDC10310050D326 /* BlogAppTests */,
				EC5AF6702DDC10310050D326 /* BlogAppUITests */,
			);
		};
/* End PBXProject section */

/* Begin PBXResourcesBuildPhase section */
		EC5AF6552DDC102E0050D326 /* Resources */ = {
			isa = PBXResourcesBuildPhase;
			buildActionMask = 2147483647;
			files = (
				EC5AF6622DDC10310050D326 /* Preview Assets.xcassets in Resources */,
				EC5AF65F2DDC10310050D326 /* Assets.xcassets in Resources */,
			);
			runOnlyForDeploymentPostprocessing = 0;
		};
		EC5AF6652DDC10310050D326 /* Resources */ = {
			isa = PBXResourcesBuildPhase;
			buildActionMask = 2147483647;
			files = (
			);
			runOnlyForDeploymentPostprocessing = 0;
		};
		EC5AF66F2DDC10310050D326 /* Resources */ = {
			isa = PBXResourcesBuildPhase;
			buildActionMask = 2147483647;
			files = (
			);
			runOnlyForDeploymentPostprocessing = 0;
		};
/* End PBXResourcesBuildPhase section */

/* Begin PBXSourcesBuildPhase section */
		EC5AF6532DDC102E0050D326 /* Sources */ = {
			isa = PBXSourcesBuildPhase;
			buildActionMask = 2147483647;
			files = (
				EC7720242DDC3F1300013F60 /* BlogItemDetailsView.swift in Sources */,
				EC5AF65D2DDC102E0050D326 /* ContentView.swift in Sources */,
				EC7720172DDC24BF00013F60 /* Blog.swift in Sources */,
				EC77201A2DDC295800013F60 /* NewsService.swift in Sources */,
				EC7720222DDC38C200013F60 /* BlogViewModel.swift in Sources */,
				EC5AF65B2DDC102E0050D326 /* BlogApp.swift in Sources */,
				EC7720152DDC24AE00013F60 /* BlogItemView.swift in Sources */,
				EC77201F2DDC2D0100013F60 /* Constants.swift in Sources */,
			);
			runOnlyForDeploymentPostprocessing = 0;
		};
		EC5AF6632DDC10310050D326 /* Sources */ = {
			isa = PBXSourcesBuildPhase;
			buildActionMask = 2147483647;
			files = (
				EC5AF66C2DDC10310050D326 /* BlogAppTests.swift in Sources */,
			);
			runOnlyForDeploymentPostprocessing = 0;
		};
		EC5AF66D2DDC10310050D326 /* Sources */ = {
			isa = PBXSourcesBuildPhase;
			buildActionMask = 2147483647;
			files = (
			);
			runOnlyForDeploymentPostprocessing = 0;
		};
/* End PBXSourcesBuildPhase section */

/* Begin PBXTargetDependency section */
		EC5AF6692DDC10310050D326 /* PBXTargetDependency */ = {
			isa = PBXTargetDependency;
			target = EC5AF6562DDC102E0050D326 /* BlogApp */;
			targetProxy = EC5AF6682DDC10310050D326 /* PBXContainerItemProxy */;
		};
		EC5AF6732DDC10310050D326 /* PBXTargetDependency */ = {
			isa = PBXTargetDependency;
			target = EC5AF6562DDC102E0050D326 /* BlogApp */;
			targetProxy = EC5AF6722DDC10310050D326 /* PBXContainerItemProxy */;
		};
/* End PBXTargetDependency section */

/* Begin XCBuildConfiguration section */
		EC5AF6792DDC10310050D326 /* Debug */ = {
			isa = XCBuildConfiguration;
			buildSettings = {
				ALWAYS_SEARCH_USER_PATHS = NO;
				CLANG_ANALYZER_NONNULL = YES;
				CLANG_ANALYZER_NUMBER_OBJECT_CONVERSION = YES_AGGRESSIVE;
				CLANG_CXX_LANGUAGE_STANDARD = "gnu++20";
				CLANG_ENABLE_MODULES = YES;
				CLANG_ENABLE_OBJC_ARC = YES;
				CLANG_ENABLE_OBJC_WEAK = YES;
				CLANG_WARN_BLOCK_CAPTURE_AUTORELEASING = YES;
				CLANG_WARN_BOOL_CONVERSION = YES;
				CLANG_WARN_COMMA = YES;
				CLANG_WARN_CONSTANT_CONVERSION = YES;
				CLANG_WARN_DEPRECATED_OBJC_IMPLEMENTATIONS = YES;
				CLANG_WARN_DIRECT_OBJC_ISA_USAGE = YES_ERROR;
				CLANG_WARN_DOCUMENTATION_COMMENTS = YES;
				CLANG_WARN_EMPTY_BODY = YES;
				CLANG_WARN_ENUM_CONVERSION = YES;
				CLANG_WARN_INFINITE_RECURSION = YES;
				CLANG_WARN_INT_CONVERSION = YES;
				CLANG_WARN_NON_LITERAL_NULL_CONVERSION = YES;
				CLANG_WARN_OBJC_IMPLICIT_RETAIN_SELF = YES;
				CLANG_WARN_OBJC_LITERAL_CONVERSION = YES;
				CLANG_WARN_OBJC_ROOT_CLASS = YES_ERROR;
				CLANG_WARN_QUOTED_INCLUDE_IN_FRAMEWORK_HEADER = YES;
				CLANG_WARN_RANGE_LOOP_ANALYSIS = YES;
				CLANG_WARN_STRICT_PROTOTYPES = YES;
				CLANG_WARN_SUSPICIOUS_MOVE = YES;
				CLANG_WARN_UNGUARDED_AVAILABILITY = YES_AGGRESSIVE;
				CLANG_WARN_UNREACHABLE_CODE = YES;
				CLANG_WARN__DUPLICATE_METHOD_MATCH = YES;
				COPY_PHASE_STRIP = NO;
				DEBUG_INFORMATION_FORMAT = dwarf;
				ENABLE_STRICT_OBJC_MSGSEND = YES;
				ENABLE_TESTABILITY = YES;
				GCC_C_LANGUAGE_STANDARD = gnu11;
				GCC_DYNAMIC_NO_PIC = NO;
				GCC_NO_COMMON_BLOCKS = YES;
				GCC_OPTIMIZATION_LEVEL = 0;
				GCC_PREPROCESSOR_DEFINITIONS = (
					"DEBUG=1",
					"$(inherited)",
				);
				GCC_WARN_64_TO_32_BIT_CONVERSION = YES;
				GCC_WARN_ABOUT_RETURN_TYPE = YES_ERROR;
				GCC_WARN_UNDECLARED_SELECTOR = YES;
				GCC_WARN_UNINITIALIZED_AUTOS = YES_AGGRESSIVE;
				GCC_WARN_UNUSED_FUNCTION = YES;
				GCC_WARN_UNUSED_VARIABLE = YES;
				IPHONEOS_DEPLOYMENT_TARGET = 16.0;
				MTL_ENABLE_DEBUG_INFO = INCLUDE_SOURCE;
				MTL_FAST_MATH = YES;
				ONLY_ACTIVE_ARCH = YES;
				SDKROOT = iphoneos;
				SWIFT_ACTIVE_COMPILATION_CONDITIONS = DEBUG;
				SWIFT_OPTIMIZATION_LEVEL = "-Onone";
			};
			name = Debug;
		};
		EC5AF67A2DDC10310050D326 /* Release */ = {
			isa = XCBuildConfiguration;
			buildSettings = {
				ALWAYS_SEARCH_USER_PATHS = NO;
				CLANG_ANALYZER_NONNULL = YES;
				CLANG_ANALYZER_NUMBER_OBJECT_CONVERSION = YES_AGGRESSIVE;
				CLANG_CXX_LANGUAGE_STANDARD = "gnu++20";
				CLANG_ENABLE_MODULES = YES;
				CLANG_ENABLE_OBJC_ARC = YES;
				CLANG_ENABLE_OBJC_WEAK = YES;
				CLANG_WARN_BLOCK_CAPTURE_AUTORELEASING = YES;
				CLANG_WARN_BOOL_CONVERSION = YES;
				CLANG_WARN_COMMA = YES;
				CLANG_WARN_CONSTANT_CONVERSION = YES;
				CLANG_WARN_DEPRECATED_OBJC_IMPLEMENTATIONS = YES;
				CLANG_WARN_DIRECT_OBJC_ISA_USAGE = YES_ERROR;
				CLANG_WARN_DOCUMENTATION_COMMENTS = YES;
				CLANG_WARN_EMPTY_BODY = YES;
				CLANG_WARN_ENUM_CONVERSION = YES;
				CLANG_WARN_INFINITE_RECURSION = YES;
				CLANG_WARN_INT_CONVERSION = YES;
				CLANG_WARN_NON_LITERAL_NULL_CONVERSION = YES;
				CLANG_WARN_OBJC_IMPLICIT_RETAIN_SELF = YES;
				CLANG_WARN_OBJC_LITERAL_CONVERSION = YES;
				CLANG_WARN_OBJC_ROOT_CLASS = YES_ERROR;
				CLANG_WARN_QUOTED_INCLUDE_IN_FRAMEWORK_HEADER = YES;
				CLANG_WARN_RANGE_LOOP_ANALYSIS = YES;
				CLANG_WARN_STRICT_PROTOTYPES = YES;
				CLANG_WARN_SUSPICIOUS_MOVE = YES;
				CLANG_WARN_UNGUARDED_AVAILABILITY = YES_AGGRESSIVE;
				CLANG_WARN_UNREACHABLE_CODE = YES;
				CLANG_WARN__DUPLICATE_METHOD_MATCH = YES;
				COPY_PHASE_STRIP = NO;
				DEBUG_INFORMATION_FORMAT = "dwarf-with-dsym";
				ENABLE_NS_ASSERTIONS = NO;
				ENABLE_STRICT_OBJC_MSGSEND = YES;
				GCC_C_LANGUAGE_STANDARD = gnu11;
				GCC_NO_COMMON_BLOCKS = YES;
				GCC_WARN_64_TO_32_BIT_CONVERSION = YES;
				GCC_WARN_ABOUT_RETURN_TYPE = YES_ERROR;
				GCC_WARN_UNDECLARED_SELECTOR = YES;
				GCC_WARN_UNINITIALIZED_AUTOS = YES_AGGRESSIVE;
				GCC_WARN_UNUSED_FUNCTION = YES;
				GCC_WARN_UNUSED_VARIABLE = YES;
				IPHONEOS_DEPLOYMENT_TARGET = 16.0;
				MTL_ENABLE_DEBUG_INFO = NO;
				MTL_FAST_MATH = YES;
				SDKROOT = iphoneos;
				SWIFT_COMPILATION_MODE = wholemodule;
				SWIFT_OPTIMIZATION_LEVEL = "-O";
				VALIDATE_PRODUCT = YES;
			};
			name = Release;
		};
		EC5AF67C2DDC10310050D326 /* Debug */ = {
			isa = XCBuildConfiguration;
			buildSettings = {
				ASSETCATALOG_COMPILER_APPICON_NAME = AppIcon;
				ASSETCATALOG_COMPILER_GLOBAL_ACCENT_COLOR_NAME = AccentColor;
				CODE_SIGN_STYLE = Automatic;
				CURRENT_PROJECT_VERSION = 1;
				DEVELOPMENT_ASSET_PATHS = "\"BlogApp/Preview Content\"";
				ENABLE_PREVIEWS = YES;
				GENERATE_INFOPLIST_FILE = YES;
				INFOPLIST_KEY_UIApplicationSceneManifest_Generation = YES;
				INFOPLIST_KEY_UIApplicationSupportsIndirectInputEvents = YES;
				INFOPLIST_KEY_UILaunchScreen_Generation = YES;
				INFOPLIST_KEY_UISupportedInterfaceOrientations_iPad = "UIInterfaceOrientationPortrait UIInterfaceOrientationPortraitUpsideDown UIInterfaceOrientationLandscapeLeft UIInterfaceOrientationLandscapeRight";
				INFOPLIST_KEY_UISupportedInterfaceOrientations_iPhone = "UIInterfaceOrientationPortrait UIInterfaceOrientationLandscapeLeft UIInterfaceOrientationLandscapeRight";
				LD_RUNPATH_SEARCH_PATHS = (
					"$(inherited)",
					"@executable_path/Frameworks",
				);
				MARKETING_VERSION = 1.0;
				PRODUCT_BUNDLE_IDENTIFIER = com.tcs.BlogApp;
				PRODUCT_NAME = "$(TARGET_NAME)";
				SWIFT_EMIT_LOC_STRINGS = YES;
				SWIFT_VERSION = 5.0;
				TARGETED_DEVICE_FAMILY = "1,2";
			};
			name = Debug;
		};
		EC5AF67D2DDC10310050D326 /* Release */ = {
			isa = XCBuildConfiguration;
			buildSettings = {
				ASSETCATALOG_COMPILER_APPICON_NAME = AppIcon;
				ASSETCATALOG_COMPILER_GLOBAL_ACCENT_COLOR_NAME = AccentColor;
				CODE_SIGN_STYLE = Automatic;
				CURRENT_PROJECT_VERSION = 1;
				DEVELOPMENT_ASSET_PATHS = "\"BlogApp/Preview Content\"";
				ENABLE_PREVIEWS = YES;
				GENERATE_INFOPLIST_FILE = YES;
				INFOPLIST_KEY_UIApplicationSceneManifest_Generation = YES;
				INFOPLIST_KEY_UIApplicationSupportsIndirectInputEvents = YES;
				INFOPLIST_KEY_UILaunchScreen_Generation = YES;
				INFOPLIST_KEY_UISupportedInterfaceOrientations_iPad = "UIInterfaceOrientationPortrait UIInterfaceOrientationPortraitUpsideDown UIInterfaceOrientationLandscapeLeft UIInterfaceOrientationLandscapeRight";
				INFOPLIST_KEY_UISupportedInterfaceOrientations_iPhone = "UIInterfaceOrientationPortrait UIInterfaceOrientationLandscapeLeft UIInterfaceOrientationLandscapeRight";
				LD_RUNPATH_SEARCH_PATHS = (
					"$(inherited)",
					"@executable_path/Frameworks",
				);
				MARKETING_VERSION = 1.0;
				PRODUCT_BUNDLE_IDENTIFIER = com.tcs.BlogApp;
				PRODUCT_NAME = "$(TARGET_NAME)";
				SWIFT_EMIT_LOC_STRINGS = YES;
				SWIFT_VERSION = 5.0;
				TARGETED_DEVICE_FAMILY = "1,2";
			};
			name = Release;
		};
		EC5AF67F2DDC10310050D326 /* Debug */ = {
			isa = XCBuildConfiguration;
			buildSettings = {
				ALWAYS_EMBED_SWIFT_STANDARD_LIBRARIES = YES;
				BUNDLE_LOADER = "$(TEST_HOST)";
				CODE_SIGN_STYLE = Automatic;
				CURRENT_PROJECT_VERSION = 1;
				GENERATE_INFOPLIST_FILE = YES;
				IPHONEOS_DEPLOYMENT_TARGET = 16.0;
				MARKETING_VERSION = 1.0;
				PRODUCT_BUNDLE_IDENTIFIER = com.tcs.BlogAppTests;
				PRODUCT_NAME = "$(TARGET_NAME)";
				SWIFT_EMIT_LOC_STRINGS = NO;
				SWIFT_VERSION = 5.0;
				TARGETED_DEVICE_FAMILY = "1,2";
				TEST_HOST = "$(BUILT_PRODUCTS_DIR)/BlogApp.app/$(BUNDLE_EXECUTABLE_FOLDER_PATH)/BlogApp";
			};
			name = Debug;
		};
		EC5AF6802DDC10310050D326 /* Release */ = {
			isa = XCBuildConfiguration;
			buildSettings = {
				ALWAYS_EMBED_SWIFT_STANDARD_LIBRARIES = YES;
				BUNDLE_LOADER = "$(TEST_HOST)";
				CODE_SIGN_STYLE = Automatic;
				CURRENT_PROJECT_VERSION = 1;
				GENERATE_INFOPLIST_FILE = YES;
				IPHONEOS_DEPLOYMENT_TARGET = 16.0;
				MARKETING_VERSION = 1.0;
				PRODUCT_BUNDLE_IDENTIFIER = com.tcs.BlogAppTests;
				PRODUCT_NAME = "$(TARGET_NAME)";
				SWIFT_EMIT_LOC_STRINGS = NO;
				SWIFT_VERSION = 5.0;
				TARGETED_DEVICE_FAMILY = "1,2";
				TEST_HOST = "$(BUILT_PRODUCTS_DIR)/BlogApp.app/$(BUNDLE_EXECUTABLE_FOLDER_PATH)/BlogApp";
			};
			name = Release;
		};
		EC5AF6822DDC10310050D326 /* Debug */ = {
			isa = XCBuildConfiguration;
			buildSettings = {
				ALWAYS_EMBED_SWIFT_STANDARD_LIBRARIES = YES;
				CODE_SIGN_STYLE = Automatic;
				CURRENT_PROJECT_VERSION = 1;
				GENERATE_INFOPLIST_FILE = YES;
				MARKETING_VERSION = 1.0;
				PRODUCT_BUNDLE_IDENTIFIER = com.tcs.BlogAppUITests;
				PRODUCT_NAME = "$(TARGET_NAME)";
				SWIFT_EMIT_LOC_STRINGS = NO;
				SWIFT_VERSION = 5.0;
				TARGETED_DEVICE_FAMILY = "1,2";
				TEST_TARGET_NAME = BlogApp;
			};
			name = Debug;
		};
		EC5AF6832DDC10310050D326 /* Release */ = {
			isa = XCBuildConfiguration;
			buildSettings = {
				ALWAYS_EMBED_SWIFT_STANDARD_LIBRARIES = YES;
				CODE_SIGN_STYLE = Automatic;
				CURRENT_PROJECT_VERSION = 1;
				GENERATE_INFOPLIST_FILE = YES;
				MARKETING_VERSION = 1.0;
				PRODUCT_BUNDLE_IDENTIFIER = com.tcs.BlogAppUITests;
				PRODUCT_NAME = "$(TARGET_NAME)";
				SWIFT_EMIT_LOC_STRINGS = NO;
				SWIFT_VERSION = 5.0;
				TARGETED_DEVICE_FAMILY = "1,2";
				TEST_TARGET_NAME = BlogApp;
			};
			name = Release;
		};
/* End XCBuildConfiguration section */

/* Begin XCConfigurationList section */
		EC5AF6522DDC102E0050D326 /* Build configuration list for PBXProject "BlogApp" */ = {
			isa = XCConfigurationList;
			buildConfigurations = (
				EC5AF6792DDC10310050D326 /* Debug */,
				EC5AF67A2DDC10310050D326 /* Release */,
			);
			defaultConfigurationIsVisible = 0;
			defaultConfigurationName = Release;
		};
		EC5AF67B2DDC10310050D326 /* Build configuration list for PBXNativeTarget "BlogApp" */ = {
			isa = XCConfigurationList;
			buildConfigurations = (
				EC5AF67C2DDC10310050D326 /* Debug */,
				EC5AF67D2DDC10310050D326 /* Release */,
			);
			defaultConfigurationIsVisible = 0;
			defaultConfigurationName = Release;
		};
		EC5AF67E2DDC10310050D326 /* Build configuration list for PBXNativeTarget "BlogAppTests" */ = {
			isa = XCConfigurationList;
			buildConfigurations = (
				EC5AF67F2DDC10310050D326 /* Debug */,
				EC5AF6802DDC10310050D326 /* Release */,
			);
			defaultConfigurationIsVisible = 0;
			defaultConfigurationName = Release;
		};
		EC5AF6812DDC10310050D326 /* Build configuration list for PBXNativeTarget "BlogAppUITests" */ = {
			isa = XCConfigurationList;
			buildConfigurations = (
				EC5AF6822DDC10310050D326 /* Debug */,
				EC5AF6832DDC10310050D326 /* Release */,
			);
			defaultConfigurationIsVisible = 0;
			defaultConfigurationName = Release;
		};
/* End XCConfigurationList section */
	};
	rootObject = EC5AF64F2DDC102E0050D326 /* Project object */;
}
